
Microsoft Visual Studio Solution File, Format Version 12.00
# Visual Studio 15
VisualStudioVersion = 15.0.27428.2015
MinimumVisualStudioVersion = 10.0.40219.1
Project("{9A19103F-16F7-4668-BE54-9A1E7A4F7556}") = "01.BoxOfT", "01.BoxOfT\01.BoxOfT.csproj", "{B5ED019B-12FA-41F5-809E-0C81E5E2C0AE}"
EndProject
Project("{FAE04EC0-301F-11D3-BF4B-00C04F79EFBC}") = "02.GenericArrayCreator", "02.GenericArrayCreator\02.GenericArrayCreator.csproj", "{5880F3A9-BE9F-47DE-9605-13C68347A4FB}"
EndProject
Global
	GlobalSection(SolutionConfigurationPlatforms) = preSolution
		Debug|Any CPU = Debug|Any CPU
		Release|Any CPU = Release|Any CPU
	EndGlobalSection
	GlobalSection(ProjectConfigurationPlatforms) = postSolution
		{B5ED019B-12FA-41F5-809E-0C81E5E2C0AE}.Debug|Any CPU.ActiveCfg = Debug|Any CPU
		{B5ED019B-12FA-41F5-809E-0C81E5E2C0AE}.Debug|Any CPU.Build.0 = Debug|Any CPU
		{B5ED019B-12FA-41F5-809E-0C81E5E2C0AE}.Release|Any CPU.ActiveCfg = Release|Any CPU
		{B5ED019B-12FA-41F5-809E-0C81E5E2C0AE}.Release|Any CPU.Build.0 = Release|Any CPU
		{5880F3A9-BE9F-47DE-9605-13C68347A4FB}.Debug|Any CPU.ActiveCfg = Debug|Any CPU
		{5880F3A9-BE9F-47DE-9605-13C68347A4FB}.Debug|Any CPU.Build.0 = Debug|Any CPU
		{5880F3A9-BE9F-47DE-9605-13C68347A4FB}.Release|Any CPU.ActiveCfg = Release|Any CPU
		{5880F3A9-BE9F-47DE-9605-13C68347A4FB}.Release|Any CPU.Build.0 = Release|Any CPU
	EndGlobalSection
	GlobalSection(SolutionProperties) = preSolution
		HideSolutionNode = FALSE
	EndGlobalSection
	GlobalSection(ExtensibilityGlobals) = postSolution
		SolutionGuid = {E6263E0E-6C22-45E6-9F33-8B322852C9A1}
	EndGlobalSection
EndGlobal
