
Microsoft Visual Studio Solution File, Format Version 12.00
# Visual Studio 15
VisualStudioVersion = 15.0.27428.2015
MinimumVisualStudioVersion = 10.0.40219.1
Project("{FAE04EC0-301F-11D3-BF4B-00C04F79EFBC}") = "01.Stealer", "01.Stealer\01.Stealer.csproj", "{370A2AB5-4489-4685-A9B2-9FF8C27AE1E7}"
EndProject
Project("{FAE04EC0-301F-11D3-BF4B-00C04F79EFBC}") = "02.HighQualityMistakes", "02.HighQualityMistakes\02.HighQualityMistakes.csproj", "{6E54D3EC-B3DF-4930-9377-BDCB67607692}"
EndProject
Project("{FAE04EC0-301F-11D3-BF4B-00C04F79EFBC}") = "03.MissionPrivatePossible", "03.MissionPrivatePossible\03.MissionPrivatePossible.csproj", "{0941619E-84A8-4FD3-B8F8-3C57AF7D7179}"
EndProject
Global
	GlobalSection(SolutionConfigurationPlatforms) = preSolution
		Debug|Any CPU = Debug|Any CPU
		Release|Any CPU = Release|Any CPU
	EndGlobalSection
	GlobalSection(ProjectConfigurationPlatforms) = postSolution
		{370A2AB5-4489-4685-A9B2-9FF8C27AE1E7}.Debug|Any CPU.ActiveCfg = Debug|Any CPU
		{370A2AB5-4489-4685-A9B2-9FF8C27AE1E7}.Debug|Any CPU.Build.0 = Debug|Any CPU
		{370A2AB5-4489-4685-A9B2-9FF8C27AE1E7}.Release|Any CPU.ActiveCfg = Release|Any CPU
		{370A2AB5-4489-4685-A9B2-9FF8C27AE1E7}.Release|Any CPU.Build.0 = Release|Any CPU
		{6E54D3EC-B3DF-4930-9377-BDCB67607692}.Debug|Any CPU.ActiveCfg = Debug|Any CPU
		{6E54D3EC-B3DF-4930-9377-BDCB67607692}.Debug|Any CPU.Build.0 = Debug|Any CPU
		{6E54D3EC-B3DF-4930-9377-BDCB67607692}.Release|Any CPU.ActiveCfg = Release|Any CPU
		{6E54D3EC-B3DF-4930-9377-BDCB67607692}.Release|Any CPU.Build.0 = Release|Any CPU
		{0941619E-84A8-4FD3-B8F8-3C57AF7D7179}.Debug|Any CPU.ActiveCfg = Debug|Any CPU
		{0941619E-84A8-4FD3-B8F8-3C57AF7D7179}.Debug|Any CPU.Build.0 = Debug|Any CPU
		{0941619E-84A8-4FD3-B8F8-3C57AF7D7179}.Release|Any CPU.ActiveCfg = Release|Any CPU
		{0941619E-84A8-4FD3-B8F8-3C57AF7D7179}.Release|Any CPU.Build.0 = Release|Any CPU
	EndGlobalSection
	GlobalSection(SolutionProperties) = preSolution
		HideSolutionNode = FALSE
	EndGlobalSection
	GlobalSection(ExtensibilityGlobals) = postSolution
		SolutionGuid = {F2E005D3-697C-4042-AA2A-FAB75017632B}
	EndGlobalSection
EndGlobal
